
Microsoft Visual Studio Solution File, Format Version 12.00
# Visual Studio Version 18
VisualStudioVersion = 18.6.11819.183
MinimumVisualStudioVersion = 10.0.40219.1
Project("{2150E333-8FDC-42A3-9474-1A3956D46DE8}") = "Backend", "Backend", "{1AE8ACA6-933B-BF2A-3671-3E2EAC007D16}"
EndProject
Project("{FAE04EC0-301F-11D3-BF4B-00C04F79EFBC}") = "TicTactToe.Core", "Backend\TicTactToe.Core\TicTactToe.Core.csproj", "{39A28134-140D-46A4-9FBD-52A7DB05C16E}"
EndProject
Project("{FAE04EC0-301F-11D3-BF4B-00C04F79EFBC}") = "TicTactToe.Core.Tests", "Backend\TicTactToe.Core.Tests\TicTactToe.Core.Tests.csproj", "{27DD37F7-1A20-4537-8FA9-8882AD3ED436}"
EndProject
Project("{2150E333-8FDC-42A3-9474-1A3956D46DE8}") = "Solution Items", "Solution Items", "{DD137080-C7D7-4E0E-8DBB-17FF23012C46}"
	ProjectSection(SolutionItems) = preProject
		BACKEND_SPECIFICATION.md = BACKEND_SPECIFICATION.md
		PROMPT_LOG.md = PROMPT_LOG.md
		README.md = README.md
		requirement.md = requirement.md
	EndProjectSection
EndProject
Project("{FAE04EC0-301F-11D3-BF4B-00C04F79EFBC}") = "TicTactToe.Api", "Backend\TicTactToe.Api\TicTactToe.Api.csproj", "{D2983CE7-2BC5-3363-AE3E-AF9C4BE62A22}"
EndProject
Global
	GlobalSection(SolutionConfigurationPlatforms) = preSolution
		Debug|Any CPU = Debug|Any CPU
		Debug|x64 = Debug|x64
		Debug|x86 = Debug|x86
		Release|Any CPU = Release|Any CPU
		Release|x64 = Release|x64
		Release|x86 = Release|x86
	EndGlobalSection
	GlobalSection(ProjectConfigurationPlatforms) = postSolution
		{39A28134-140D-46A4-9FBD-52A7DB05C16E}.Debug|Any CPU.ActiveCfg = Debug|Any CPU
		{39A28134-140D-46A4-9FBD-52A7DB05C16E}.Debug|Any CPU.Build.0 = Debug|Any CPU
		{39A28134-140D-46A4-9FBD-52A7DB05C16E}.Debug|x64.ActiveCfg = Debug|Any CPU
		{39A28134-140D-46A4-9FBD-52A7DB05C16E}.Debug|x64.Build.0 = Debug|Any CPU
		{39A28134-140D-46A4-9FBD-52A7DB05C16E}.Debug|x86.ActiveCfg = Debug|Any CPU
		{39A28134-140D-46A4-9FBD-52A7DB05C16E}.Debug|x86.Build.0 = Debug|Any CPU
		{39A28134-140D-46A4-9FBD-52A7DB05C16E}.Release|Any CPU.ActiveCfg = Release|Any CPU
		{39A28134-140D-46A4-9FBD-52A7DB05C16E}.Release|Any CPU.Build.0 = Release|Any CPU
		{39A28134-140D-46A4-9FBD-52A7DB05C16E}.Release|x64.ActiveCfg = Release|Any CPU
		{39A28134-140D-46A4-9FBD-52A7DB05C16E}.Release|x64.Build.0 = Release|Any CPU
		{39A28134-140D-46A4-9FBD-52A7DB05C16E}.Release|x86.ActiveCfg = Release|Any CPU
		{39A28134-140D-46A4-9FBD-52A7DB05C16E}.Release|x86.Build.0 = Release|Any CPU
		{27DD37F7-1A20-4537-8FA9-8882AD3ED436}.Debug|Any CPU.ActiveCfg = Debug|Any CPU
		{27DD37F7-1A20-4537-8FA9-8882AD3ED436}.Debug|Any CPU.Build.0 = Debug|Any CPU
		{27DD37F7-1A20-4537-8FA9-8882AD3ED436}.Debug|x64.ActiveCfg = Debug|Any CPU
		{27DD37F7-1A20-4537-8FA9-8882AD3ED436}.Debug|x64.Build.0 = Debug|Any CPU
		{27DD37F7-1A20-4537-8FA9-8882AD3ED436}.Debug|x86.ActiveCfg = Debug|Any CPU
		{27DD37F7-1A20-4537-8FA9-8882AD3ED436}.Debug|x86.Build.0 = Debug|Any CPU
		{27DD37F7-1A20-4537-8FA9-8882AD3ED436}.Release|Any CPU.ActiveCfg = Release|Any CPU
		{27DD37F7-1A20-4537-8FA9-8882AD3ED436}.Release|Any CPU.Build.0 = Release|Any CPU
		{27DD37F7-1A20-4537-8FA9-8882AD3ED436}.Release|x64.ActiveCfg = Release|Any CPU
		{27DD37F7-1A20-4537-8FA9-8882AD3ED436}.Release|x64.Build.0 = Release|Any CPU
		{27DD37F7-1A20-4537-8FA9-8882AD3ED436}.Release|x86.ActiveCfg = Release|Any CPU
		{27DD37F7-1A20-4537-8FA9-8882AD3ED436}.Release|x86.Build.0 = Release|Any CPU
		{D2983CE7-2BC5-3363-AE3E-AF9C4BE62A22}.Debug|Any CPU.ActiveCfg = Debug|Any CPU
		{D2983CE7-2BC5-3363-AE3E-AF9C4BE62A22}.Debug|Any CPU.Build.0 = Debug|Any CPU
		{D2983CE7-2BC5-3363-AE3E-AF9C4BE62A22}.Debug|x64.ActiveCfg = Debug|Any CPU
		{D2983CE7-2BC5-3363-AE3E-AF9C4BE62A22}.Debug|x64.Build.0 = Debug|Any CPU
		{D2983CE7-2BC5-3363-AE3E-AF9C4BE62A22}.Debug|x86.ActiveCfg = Debug|Any CPU
		{D2983CE7-2BC5-3363-AE3E-AF9C4BE62A22}.Debug|x86.Build.0 = Debug|Any CPU
		{D2983CE7-2BC5-3363-AE3E-AF9C4BE62A22}.Release|Any CPU.ActiveCfg = Release|Any CPU
		{D2983CE7-2BC5-3363-AE3E-AF9C4BE62A22}.Release|Any CPU.Build.0 = Release|Any CPU
		{D2983CE7-2BC5-3363-AE3E-AF9C4BE62A22}.Release|x64.ActiveCfg = Release|Any CPU
		{D2983CE7-2BC5-3363-AE3E-AF9C4BE62A22}.Release|x64.Build.0 = Release|Any CPU
		{D2983CE7-2BC5-3363-AE3E-AF9C4BE62A22}.Release|x86.ActiveCfg = Release|Any CPU
		{D2983CE7-2BC5-3363-AE3E-AF9C4BE62A22}.Release|x86.Build.0 = Release|Any CPU
	EndGlobalSection
	GlobalSection(SolutionProperties) = preSolution
		HideSolutionNode = FALSE
	EndGlobalSection
	GlobalSection(NestedProjects) = preSolution
		{39A28134-140D-46A4-9FBD-52A7DB05C16E} = {1AE8ACA6-933B-BF2A-3671-3E2EAC007D16}
		{27DD37F7-1A20-4537-8FA9-8882AD3ED436} = {1AE8ACA6-933B-BF2A-3671-3E2EAC007D16}
		{D2983CE7-2BC5-3363-AE3E-AF9C4BE62A22} = {1AE8ACA6-933B-BF2A-3671-3E2EAC007D16}
	EndGlobalSection
	GlobalSection(ExtensibilityGlobals) = postSolution
		SolutionGuid = {578C92C4-A74A-4549-94E1-61BD75ED0870}
	EndGlobalSection
EndGlobal
